{
  "requires": true,
  "lockfileVersion": 1,
  "dependencies": {
    "commander": {
      "version": "2.6.0",
      "resolved": "https://registry.npmjs.org/commander/-/commander-2.6.0.tgz",
      "integrity": "sha1-nfflL7Kgyw+4kFjugMMQQiXzfh0=",
      "dev": true
    },
    "git-scripts": {
      "version": "0.4.3",
      "resolved": "https://registry.npmjs.org/git-scripts/-/git-scripts-0.4.3.tgz",
      "integrity": "sha512-rWWRG9U3Xgth1j/G478Hr424ODUODHTDV/2plbDEABhWoUrsFl1KL5yAlaIgY5v9is9OvpUsKEUC4N2XSYqQpA==",
      "dev": true,
      "requires": {
        "commander": "2.6.0"
      }
    }
  }
}
